# This file is automatically @generated by Cargo.
# It is not intended for manual editing.
version = 4

[[package]]
name = "medusa-build"
version = "0.0.1"

[[package]]
name = "medusa-config"
version = "0.0.1"

[[package]]
name = "medusa-control"
version = "0.0.1"

[[package]]
name = "medusa-daemon"
version = "0.0.1"

[[package]]
name = "medusa-domain"
version = "0.0.1"

[[package]]
name = "medusa-eval"
version = "0.0.1"

[[package]]
name = "medusa-forge"
version = "0.0.1"

[[package]]
name = "medusa-sched"
version = "0.0.1"

[[package]]
name = "medusa-store"
version = "0.0.1"

[[package]]
name = "medusa-web"
version = "0.0.1"

[[package]]
name = "medusactl"
version = "0.0.1"
